
Microsoft Visual Studio Solution File, Format Version 12.00
# Visual Studio Version 17
VisualStudioVersion = 17.9.34728.123
MinimumVisualStudioVersion = 10.0.40219.1
Project("{2150E333-8FDC-42A3-9474-1A3956D46DE8}") = "src", "src", "{5411A8E4-CFAF-4F19-B7FA-331FBB543F32}"
EndProject
Project("{2150E333-8FDC-42A3-9474-1A3956D46DE8}") = "test", "test", "{9FED87F1-8AC3-409C-9119-272F836A8E23}"
EndProject
Project("{2150E333-8FDC-42A3-9474-1A3956D46DE8}") = "Core", "Core", "{3D461312-452C-4F67-99D0-52F352CB6ECE}"
EndProject
Project("{FAE04EC0-301F-11D3-BF4B-00C04F79EFBC}") = "Domain", "Domain\Domain.csproj", "{72B2136C-3FB3-469B-83D4-CAFC8FB5BC5D}"
EndProject
Project("{FAE04EC0-301F-11D3-BF4B-00C04F79EFBC}") = "Application", "Application\Application.csproj", "{E5126B62-AA65-4EEC-8A64-4C9E9355FE4D}"
EndProject
Project("{2150E333-8FDC-42A3-9474-1A3956D46DE8}") = "Presentation", "Presentation", "{571BB01E-0E5E-48CB-90BE-EF9B84129179}"
EndProject
Project("{FAE04EC0-301F-11D3-BF4B-00C04F79EFBC}") = "Presentation", "Presentation\Presentation.csproj", "{E37109A1-7946-4CFB-8EB0-40C1803CB294}"
EndProject
Project("{2150E333-8FDC-42A3-9474-1A3956D46DE8}") = "Infrastructure", "Infrastructure", "{FCBA3497-7BFC-45C0-A5AD-DF21B76F3C50}"
EndProject
Project("{FAE04EC0-301F-11D3-BF4B-00C04F79EFBC}") = "Infrastructure", "Infrastructure\Infrastructure.csproj", "{0DE85F40-F57E-428C-BD35-2B9ECB454B78}"
EndProject
Project("{2150E333-8FDC-42A3-9474-1A3956D46DE8}") = "UnitTests", "UnitTests", "{2A7282BB-2104-410D-8BC2-20C4B026717B}"
EndProject
Project("{FAE04EC0-301F-11D3-BF4B-00C04F79EFBC}") = "Unit", "Unit\Unit.csproj", "{C892D5C0-50B5-4F9A-874A-4D608B46E46E}"
EndProject
Global
	GlobalSection(SolutionConfigurationPlatforms) = preSolution
		Debug|Any CPU = Debug|Any CPU
		Release|Any CPU = Release|Any CPU
	EndGlobalSection
	GlobalSection(ProjectConfigurationPlatforms) = postSolution
		{72B2136C-3FB3-469B-83D4-CAFC8FB5BC5D}.Debug|Any CPU.ActiveCfg = Debug|Any CPU
		{72B2136C-3FB3-469B-83D4-CAFC8FB5BC5D}.Debug|Any CPU.Build.0 = Debug|Any CPU
		{72B2136C-3FB3-469B-83D4-CAFC8FB5BC5D}.Release|Any CPU.ActiveCfg = Release|Any CPU
		{72B2136C-3FB3-469B-83D4-CAFC8FB5BC5D}.Release|Any CPU.Build.0 = Release|Any CPU
		{E5126B62-AA65-4EEC-8A64-4C9E9355FE4D}.Debug|Any CPU.ActiveCfg = Debug|Any CPU
		{E5126B62-AA65-4EEC-8A64-4C9E9355FE4D}.Debug|Any CPU.Build.0 = Debug|Any CPU
		{E5126B62-AA65-4EEC-8A64-4C9E9355FE4D}.Release|Any CPU.ActiveCfg = Release|Any CPU
		{E5126B62-AA65-4EEC-8A64-4C9E9355FE4D}.Release|Any CPU.Build.0 = Release|Any CPU
		{E37109A1-7946-4CFB-8EB0-40C1803CB294}.Debug|Any CPU.ActiveCfg = Debug|Any CPU
		{E37109A1-7946-4CFB-8EB0-40C1803CB294}.Debug|Any CPU.Build.0 = Debug|Any CPU
		{E37109A1-7946-4CFB-8EB0-40C1803CB294}.Release|Any CPU.ActiveCfg = Release|Any CPU
		{E37109A1-7946-4CFB-8EB0-40C1803CB294}.Release|Any CPU.Build.0 = Release|Any CPU
		{0DE85F40-F57E-428C-BD35-2B9ECB454B78}.Debug|Any CPU.ActiveCfg = Debug|Any CPU
		{0DE85F40-F57E-428C-BD35-2B9ECB454B78}.Debug|Any CPU.Build.0 = Debug|Any CPU
		{0DE85F40-F57E-428C-BD35-2B9ECB454B78}.Release|Any CPU.ActiveCfg = Release|Any CPU
		{0DE85F40-F57E-428C-BD35-2B9ECB454B78}.Release|Any CPU.Build.0 = Release|Any CPU
		{C892D5C0-50B5-4F9A-874A-4D608B46E46E}.Debug|Any CPU.ActiveCfg = Debug|Any CPU
		{C892D5C0-50B5-4F9A-874A-4D608B46E46E}.Debug|Any CPU.Build.0 = Debug|Any CPU
		{C892D5C0-50B5-4F9A-874A-4D608B46E46E}.Release|Any CPU.ActiveCfg = Release|Any CPU
		{C892D5C0-50B5-4F9A-874A-4D608B46E46E}.Release|Any CPU.Build.0 = Release|Any CPU
	EndGlobalSection
	GlobalSection(SolutionProperties) = preSolution
		HideSolutionNode = FALSE
	EndGlobalSection
	GlobalSection(NestedProjects) = preSolution
		{3D461312-452C-4F67-99D0-52F352CB6ECE} = {5411A8E4-CFAF-4F19-B7FA-331FBB543F32}
		{72B2136C-3FB3-469B-83D4-CAFC8FB5BC5D} = {3D461312-452C-4F67-99D0-52F352CB6ECE}
		{E5126B62-AA65-4EEC-8A64-4C9E9355FE4D} = {3D461312-452C-4F67-99D0-52F352CB6ECE}
		{571BB01E-0E5E-48CB-90BE-EF9B84129179} = {5411A8E4-CFAF-4F19-B7FA-331FBB543F32}
		{E37109A1-7946-4CFB-8EB0-40C1803CB294} = {571BB01E-0E5E-48CB-90BE-EF9B84129179}
		{FCBA3497-7BFC-45C0-A5AD-DF21B76F3C50} = {5411A8E4-CFAF-4F19-B7FA-331FBB543F32}
		{0DE85F40-F57E-428C-BD35-2B9ECB454B78} = {FCBA3497-7BFC-45C0-A5AD-DF21B76F3C50}
		{2A7282BB-2104-410D-8BC2-20C4B026717B} = {9FED87F1-8AC3-409C-9119-272F836A8E23}
		{C892D5C0-50B5-4F9A-874A-4D608B46E46E} = {2A7282BB-2104-410D-8BC2-20C4B026717B}
	EndGlobalSection
	GlobalSection(ExtensibilityGlobals) = postSolution
		SolutionGuid = {4257E3B4-B2CD-49D1-84BF-4C93F08E3B93}
	EndGlobalSection
EndGlobal
